PODS:
  - FirebaseAnalytics (3.7.0):
    - FirebaseCore (~> 3.5)
    - FirebaseInstanceID (~> 1.0)
    - GoogleToolboxForMac/NSData+zlib (~> 2.1)
  - FirebaseCore (3.5.1):
    - GoogleToolboxForMac/NSData+zlib (~> 2.1)
  - FirebaseInstanceID (1.0.9)
  - Google/Core (3.0.3):
    - FirebaseAnalytics (~> 3.2)
  - Google/SignIn (3.0.3):
    - Google/Core
    - GoogleSignIn (~> 4.0)
  - GoogleAPIClientForREST/Core (1.2.0):
    - GTMSessionFetcher (>= 1.1.7)
  - GoogleAPIClientForREST/Gmail (1.2.0):
    - GoogleAPIClientForREST/Core
    - GTMSessionFetcher (>= 1.1.7)
  - GoogleSignIn (4.0.2):
    - GoogleToolboxForMac/NSDictionary+URLArguments (~> 2.1)
    - GoogleToolboxForMac/NSString+URLArguments (~> 2.1)
    - GTMOAuth2 (~> 1.0)
    - GTMSessionFetcher/Core (~> 1.1)
  - GoogleToolboxForMac/DebugUtils (2.1.1):
    - GoogleToolboxForMac/Defines (= 2.1.1)
  - GoogleToolboxForMac/Defines (2.1.1)
  - GoogleToolboxForMac/NSData+zlib (2.1.1):
    - GoogleToolboxForMac/Defines (= 2.1.1)
  - GoogleToolboxForMac/NSDictionary+URLArguments (2.1.1):
    - GoogleToolboxForMac/DebugUtils (= 2.1.1)
    - GoogleToolboxForMac/Defines (= 2.1.1)
    - GoogleToolboxForMac/NSString+URLArguments (= 2.1.1)
  - GoogleToolboxForMac/NSString+URLArguments (2.1.1)
  - GTMOAuth2 (1.1.4):
    - GTMSessionFetcher (~> 1.1)
  - GTMSessionFetcher (1.1.9):
    - GTMSessionFetcher/Full (= 1.1.9)
  - GTMSessionFetcher/Core (1.1.9)
  - GTMSessionFetcher/Full (1.1.9):
    - GTMSessionFetcher/Core (= 1.1.9)
  - RxCocoa (3.3.0):
    - RxSwift (~> 3.3)
  - RxGmail (0.1.0):
    - GoogleAPIClientForREST/Gmail
    - RxSwift (~> 3.2)
    - RxSwiftExt (~> 2.1)
  - RxSwift (3.3.0)
  - RxSwiftExt (2.1.0):
    - RxSwift (~> 3.0)

DEPENDENCIES:
  - Google/SignIn
  - RxCocoa (~> 3.2)
  - RxGmail (from `../`)

EXTERNAL SOURCES:
  RxGmail:
    :path: ../

SPEC CHECKSUMS:
  FirebaseAnalytics: 0d1b7d81d5021155be37702a94ba1ec16d45365d
  FirebaseCore: 225d40532489835a034b8f4e2c9c87fbf4f615a2
  FirebaseInstanceID: 2d0518b1378fe9d685ef40cbdd63d2fdc1125339
  Google: 813c467362eabc11385f5a5cc9ad0cb651a58f4e
  GoogleAPIClientForREST: 9e5fd600a06c38abf92b5db337c5df2cfb95ee12
  GoogleSignIn: d7ad83f13480e1f30453471d00d19b5293ac46af
  GoogleToolboxForMac: 8e329f1b599f2512c6b10676d45736bcc2cbbeb0
  GTMOAuth2: 7fc9c10f5c745f4d9850419ea88889fe3baa6b7d
  GTMSessionFetcher: 5c046c76a1f859bc9c187e918f18e4fc7bb57b5e
  RxCocoa: 74acedc2d964823b807e5de2e215e2c2bd2e5a19
  RxGmail: 643badf857387c62274b92d0c183126103bbed44
  RxSwift: 7d42e8bc91faa4c218292400646c482f3402774a
  RxSwiftExt: 492a6575cf6afabb8feeed3204bd0f9e2c695e67

PODFILE CHECKSUM: a840d89906109076e00692af0d48dd8f4ce49498

COCOAPODS: 1.2.0
